
Microsoft Visual Studio Solution File, Format Version 12.00
# Visual Studio Version 16
VisualStudioVersion = 16.0.30907.101
MinimumVisualStudioVersion = 10.0.40219.1
Project("{9A19103F-16F7-4668-BE54-9A1E7A4F7556}") = "StringCalcRPN", "TargemTest\StringCalcRPN.csproj", "{A3076BA5-38AD-4F22-A2E0-064EBC8562BF}"
EndProject
Project("{9A19103F-16F7-4668-BE54-9A1E7A4F7556}") = "MyListG", "MyListG\MyListG.csproj", "{F5688E8E-CB8F-4C42-9D1A-665901F4BE37}"
EndProject
Global
	GlobalSection(SolutionConfigurationPlatforms) = preSolution
		Debug|Any CPU = Debug|Any CPU
		Release|Any CPU = Release|Any CPU
	EndGlobalSection
	GlobalSection(ProjectConfigurationPlatforms) = postSolution
		{A3076BA5-38AD-4F22-A2E0-064EBC8562BF}.Debug|Any CPU.ActiveCfg = Debug|Any CPU
		{A3076BA5-38AD-4F22-A2E0-064EBC8562BF}.Debug|Any CPU.Build.0 = Debug|Any CPU
		{A3076BA5-38AD-4F22-A2E0-064EBC8562BF}.Release|Any CPU.ActiveCfg = Release|Any CPU
		{A3076BA5-38AD-4F22-A2E0-064EBC8562BF}.Release|Any CPU.Build.0 = Release|Any CPU
		{F5688E8E-CB8F-4C42-9D1A-665901F4BE37}.Debug|Any CPU.ActiveCfg = Debug|Any CPU
		{F5688E8E-CB8F-4C42-9D1A-665901F4BE37}.Debug|Any CPU.Build.0 = Debug|Any CPU
		{F5688E8E-CB8F-4C42-9D1A-665901F4BE37}.Release|Any CPU.ActiveCfg = Release|Any CPU
		{F5688E8E-CB8F-4C42-9D1A-665901F4BE37}.Release|Any CPU.Build.0 = Release|Any CPU
	EndGlobalSection
	GlobalSection(SolutionProperties) = preSolution
		HideSolutionNode = FALSE
	EndGlobalSection
	GlobalSection(ExtensibilityGlobals) = postSolution
		SolutionGuid = {185B51AE-D671-4E45-8A29-CA2B29DC24B8}
	EndGlobalSection
EndGlobal
